<?xml version="1.0" encoding="utf-8"?>
<Project ToolsVersion="4.0" xmlns="http://schemas.microsoft.com/developer/msbuild/2003">
  <ItemGroup>
    <Filter Include="源文件">
      <UniqueIdentifier>{4FC737F1-C7A5-4376-A066-2A32D752A2FF}</UniqueIdentifier>
      <Extensions>cpp;c;cc;cxx;c++;cppm;ixx;def;odl;idl;hpj;bat;asm;asmx</Extensions>
    </Filter>
    <Filter Include="头文件">
      <UniqueIdentifier>{93995380-89BD-4b04-88EB-625FBE52EBFB}</UniqueIdentifier>
      <Extensions>h;hh;hpp;hxx;h++;hm;inl;inc;ipp;xsd</Extensions>
    </Filter>
    <Filter Include="资源文件">
      <UniqueIdentifier>{67DA6AB6-F800-4c08-8B7A-83BB121AAD01}</UniqueIdentifier>
      <Extensions>rc;ico;cur;bmp;dlg;rc2;rct;bin;rgs;gif;jpg;jpeg;jpe;resx;tiff;tif;png;wav;mfcribbon-ms</Extensions>
    </Filter>
    <Filter Include="源文件\贪心">
      <UniqueIdentifier>{0da81ac7-fbbf-4d48-aa82-f9317f24dc60}</UniqueIdentifier>
    </Filter>
    <Filter Include="源文件\链表">
      <UniqueIdentifier>{1e8cecc5-dfcf-4005-acdf-ee78e8024c98}</UniqueIdentifier>
    </Filter>
    <Filter Include="源文件\回溯">
      <UniqueIdentifier>{a8425e81-3a35-40b7-a16f-244534e531f8}</UniqueIdentifier>
    </Filter>
    <Filter Include="源文件\动态规划">
      <UniqueIdentifier>{37e865e6-a448-4bbf-8044-1c593c5ead1f}</UniqueIdentifier>
    </Filter>
    <Filter Include="源文件\单调栈">
      <UniqueIdentifier>{ed35de0a-8c80-4202-81bb-9583d484357b}</UniqueIdentifier>
    </Filter>
    <Filter Include="源文件\哈希表">
      <UniqueIdentifier>{acc84154-59e1-4868-b0ad-eefb5443a1f5}</UniqueIdentifier>
    </Filter>
    <Filter Include="源文件\字符串">
      <UniqueIdentifier>{a268d1c2-d026-4d16-b8a4-4253cb6aa2ea}</UniqueIdentifier>
    </Filter>
    <Filter Include="源文件\数组">
      <UniqueIdentifier>{45209e71-6e9a-4477-bf65-cf6684adbe47}</UniqueIdentifier>
    </Filter>
    <Filter Include="源文件\栈和队列">
      <UniqueIdentifier>{f14eca46-44fc-4c75-bd6a-53533b88e787}</UniqueIdentifier>
    </Filter>
    <Filter Include="源文件\NewFilter1">
      <UniqueIdentifier>{ba75bc8d-9432-48cb-9a5f-5c8fbab7eb96}</UniqueIdentifier>
    </Filter>
  </ItemGroup>
  <ItemGroup>
    <ClCompile Include="53. 最大子数组和.cpp">
      <Filter>源文件\贪心</Filter>
    </ClCompile>
    <ClCompile Include="208. 实现 Trie (前缀树).cpp">
      <Filter>源文件\贪心</Filter>
    </ClCompile>
    <ClCompile Include="221. 最大正方形.cpp">
      <Filter>源文件\贪心</Filter>
    </ClCompile>
    <ClCompile Include="376.摆动序列.cpp">
      <Filter>源文件\贪心</Filter>
    </ClCompile>
    <ClCompile Include="860. 柠檬水找零.cpp">
      <Filter>源文件\贪心</Filter>
    </ClCompile>
    <ClCompile Include="测试.cpp">
      <Filter>源文件</Filter>
    </ClCompile>
    <ClCompile Include="203. 移除链表元素.cpp">
      <Filter>源文件\链表</Filter>
    </ClCompile>
    <ClCompile Include="707. 设计链表.cpp">
      <Filter>源文件\链表</Filter>
    </ClCompile>
    <ClCompile Include="206. 反转链表.cpp">
      <Filter>源文件\链表</Filter>
    </ClCompile>
    <ClCompile Include="216. 组合总和 III.cpp">
      <Filter>源文件\回溯</Filter>
    </ClCompile>
    <ClCompile Include="77. 组合.cpp">
      <Filter>源文件\回溯</Filter>
    </ClCompile>
    <ClCompile Include="17. 电话号码的字母组合.cpp">
      <Filter>源文件\回溯</Filter>
    </ClCompile>
    <ClCompile Include="39. 组合总和.cpp">
      <Filter>源文件\回溯</Filter>
    </ClCompile>
    <ClCompile Include="131. 分割回文串.cpp">
      <Filter>源文件\回溯</Filter>
    </ClCompile>
    <ClCompile Include="93. 复原 IP 地址.cpp">
      <Filter>源文件\回溯</Filter>
    </ClCompile>
    <ClCompile Include="78. 子集.cpp">
      <Filter>源文件\回溯</Filter>
    </ClCompile>
    <ClCompile Include="90. 子集 II.cpp">
      <Filter>源文件\回溯</Filter>
    </ClCompile>
    <ClCompile Include="491. 递增子序列.cpp">
      <Filter>源文件\回溯</Filter>
    </ClCompile>
    <ClCompile Include="46. 全排列.cpp">
      <Filter>源文件\回溯</Filter>
    </ClCompile>
    <ClCompile Include="47. 全排列 II.cpp">
      <Filter>源文件\回溯</Filter>
    </ClCompile>
    <ClCompile Include="332. 重新安排行程.cpp">
      <Filter>源文件\回溯</Filter>
    </ClCompile>
    <ClCompile Include="51. N 皇后.cpp">
      <Filter>源文件\回溯</Filter>
    </ClCompile>
    <ClCompile Include="37. 解数独.cpp">
      <Filter>源文件\回溯</Filter>
    </ClCompile>
    <ClCompile Include="122. 买卖股票的最佳时机 II.cpp">
      <Filter>源文件\贪心</Filter>
    </ClCompile>
    <ClCompile Include="55. 跳跃游戏.cpp">
      <Filter>源文件\贪心</Filter>
    </ClCompile>
    <ClCompile Include="45. 跳跃游戏 II.cpp">
      <Filter>源文件\贪心</Filter>
    </ClCompile>
    <ClCompile Include="1005. K 次取反后最大化的数组和.cpp">
      <Filter>源文件\贪心</Filter>
    </ClCompile>
    <ClCompile Include="134. 加油站.cpp">
      <Filter>源文件\贪心</Filter>
    </ClCompile>
    <ClCompile Include="135. 分发糖果.cpp">
      <Filter>源文件\贪心</Filter>
    </ClCompile>
    <ClCompile Include="406. 根据身高重建队列.cpp">
      <Filter>源文件\贪心</Filter>
    </ClCompile>
    <ClCompile Include="452. 用最少数量的箭引爆气球.cpp">
      <Filter>源文件\贪心</Filter>
    </ClCompile>
    <ClCompile Include="435. 无重叠区间.cpp">
      <Filter>源文件\贪心</Filter>
    </ClCompile>
    <ClCompile Include="763. 划分字母区间.cpp">
      <Filter>源文件\贪心</Filter>
    </ClCompile>
    <ClCompile Include="56. 合并区间.cpp">
      <Filter>源文件\贪心</Filter>
    </ClCompile>
    <ClCompile Include="738. 单调递增的数字.cpp">
      <Filter>源文件\贪心</Filter>
    </ClCompile>
    <ClCompile Include="714. 买卖股票的最佳时机含手续费.cpp">
      <Filter>源文件\贪心</Filter>
    </ClCompile>
    <ClCompile Include="968. 监控二叉树.cpp">
      <Filter>源文件\贪心</Filter>
    </ClCompile>
    <ClCompile Include="509. 斐波那契数.cpp">
      <Filter>源文件\动态规划</Filter>
    </ClCompile>
    <ClCompile Include="70. 爬楼梯.cpp">
      <Filter>源文件\动态规划</Filter>
    </ClCompile>
    <ClCompile Include="746. 使用最小花费爬楼梯.cpp">
      <Filter>源文件\动态规划</Filter>
    </ClCompile>
    <ClCompile Include="62. 不同路径.cpp">
      <Filter>源文件\动态规划</Filter>
    </ClCompile>
    <ClCompile Include="63. 不同路径 II.cpp">
      <Filter>源文件\动态规划</Filter>
    </ClCompile>
    <ClCompile Include="343. 整数拆分.cpp">
      <Filter>源文件\动态规划</Filter>
    </ClCompile>
    <ClCompile Include="96. 不同的二叉搜索树.cpp">
      <Filter>源文件\动态规划</Filter>
    </ClCompile>
    <ClCompile Include="1049. 最后一块石头的重量 II.cpp">
      <Filter>源文件\动态规划</Filter>
    </ClCompile>
    <ClCompile Include="494. 目标和.cpp">
      <Filter>源文件\动态规划</Filter>
    </ClCompile>
    <ClCompile Include="474. 一和零.cpp">
      <Filter>源文件\动态规划</Filter>
    </ClCompile>
    <ClCompile Include="518. 零钱兑换 II.cpp">
      <Filter>源文件\动态规划</Filter>
    </ClCompile>
    <ClCompile Include="377. 组合总和 Ⅳ.cpp">
      <Filter>源文件\动态规划</Filter>
    </ClCompile>
    <ClCompile Include="70. 爬楼梯-进阶.cpp">
      <Filter>源文件\动态规划</Filter>
    </ClCompile>
    <ClCompile Include="322. 零钱兑换.cpp">
      <Filter>源文件\动态规划</Filter>
    </ClCompile>
    <ClCompile Include="279. 完全平方数.cpp">
      <Filter>源文件\动态规划</Filter>
    </ClCompile>
    <ClCompile Include="139. 单词拆分.cpp">
      <Filter>源文件\动态规划</Filter>
    </ClCompile>
    <ClCompile Include="198. 打家劫舍.cpp">
      <Filter>源文件\动态规划</Filter>
    </ClCompile>
    <ClCompile Include="213. 打家劫舍 II.cpp">
      <Filter>源文件\动态规划</Filter>
    </ClCompile>
    <ClCompile Include="337. 打家劫舍 III.cpp">
      <Filter>源文件\动态规划</Filter>
    </ClCompile>
    <ClCompile Include="121. 买卖股票的最佳时机.cpp">
      <Filter>源文件\动态规划</Filter>
    </ClCompile>
    <ClCompile Include="122. 买卖股票的最佳时机 II-动归.cpp">
      <Filter>源文件\动态规划</Filter>
    </ClCompile>
    <ClCompile Include="123. 买卖股票的最佳时机 III.cpp">
      <Filter>源文件\动态规划</Filter>
    </ClCompile>
    <ClCompile Include="188. 买卖股票的最佳时机 IV.cpp">
      <Filter>源文件\动态规划</Filter>
    </ClCompile>
    <ClCompile Include="309. 最佳买卖股票时机含冷冻期.cpp">
      <Filter>源文件\动态规划</Filter>
    </ClCompile>
    <ClCompile Include="714. 买卖股票的最佳时机含手续费-动归.cpp">
      <Filter>源文件\动态规划</Filter>
    </ClCompile>
    <ClCompile Include="300. 最长递增子序列.cpp">
      <Filter>源文件\动态规划</Filter>
    </ClCompile>
    <ClCompile Include="674. 最长连续递增序列.cpp">
      <Filter>源文件\动态规划</Filter>
    </ClCompile>
    <ClCompile Include="718. 最长重复子数组.cpp">
      <Filter>源文件\动态规划</Filter>
    </ClCompile>
    <ClCompile Include="1143. 最长公共子序列.cpp">
      <Filter>源文件\动态规划</Filter>
    </ClCompile>
    <ClCompile Include="1035. 不相交的线.cpp">
      <Filter>源文件\动态规划</Filter>
    </ClCompile>
    <ClCompile Include="53. 最大子数组和-动态规划.cpp">
      <Filter>源文件\动态规划</Filter>
    </ClCompile>
    <ClCompile Include="392. 判断子序列.cpp">
      <Filter>源文件\动态规划</Filter>
    </ClCompile>
    <ClCompile Include="115. 不同的子序列.cpp">
      <Filter>源文件\动态规划</Filter>
    </ClCompile>
    <ClCompile Include="583. 两个字符串的删除操作.cpp">
      <Filter>源文件\动态规划</Filter>
    </ClCompile>
    <ClCompile Include="72. 编辑距离.cpp">
      <Filter>源文件\动态规划</Filter>
    </ClCompile>
    <ClCompile Include="647. 回文子串.cpp">
      <Filter>源文件\动态规划</Filter>
    </ClCompile>
    <ClCompile Include="516. 最长回文子序列.cpp">
      <Filter>源文件\动态规划</Filter>
    </ClCompile>
    <ClCompile Include="739. 每日温度.cpp">
      <Filter>源文件\单调栈</Filter>
    </ClCompile>
    <ClCompile Include="496. 下一个更大元素 I.cpp">
      <Filter>源文件\单调栈</Filter>
    </ClCompile>
    <ClCompile Include="503. 下一个更大元素 II.cpp">
      <Filter>源文件\单调栈</Filter>
    </ClCompile>
    <ClCompile Include="42. 接雨水.cpp">
      <Filter>源文件\单调栈</Filter>
    </ClCompile>
    <ClCompile Include="84. 柱状图中最大的矩形.cpp">
      <Filter>源文件\单调栈</Filter>
    </ClCompile>
    <ClCompile Include="242. 有效的字母异位词.cpp">
      <Filter>源文件\哈希表</Filter>
    </ClCompile>
    <ClCompile Include="349. 两个数组的交集.cpp">
      <Filter>源文件\哈希表</Filter>
    </ClCompile>
    <ClCompile Include="202. 快乐数.cpp">
      <Filter>源文件\哈希表</Filter>
    </ClCompile>
    <ClCompile Include="1. 两数之和.cpp">
      <Filter>源文件\哈希表</Filter>
    </ClCompile>
    <ClCompile Include="383. 赎金信.cpp">
      <Filter>源文件\哈希表</Filter>
    </ClCompile>
    <ClCompile Include="454. 四数相加 II.cpp">
      <Filter>源文件\哈希表</Filter>
    </ClCompile>
    <ClCompile Include="15. 三数之和.cpp">
      <Filter>源文件\哈希表</Filter>
    </ClCompile>
    <ClCompile Include="18. 四数之和.cpp">
      <Filter>源文件\哈希表</Filter>
    </ClCompile>
    <ClCompile Include="344. 反转字符串.cpp">
      <Filter>源文件\字符串</Filter>
    </ClCompile>
    <ClCompile Include="541. 反转字符串 II.cpp">
      <Filter>源文件\字符串</Filter>
    </ClCompile>
    <ClCompile Include="剑指 Offer 05. 替换空格.cpp">
      <Filter>源文件\字符串</Filter>
    </ClCompile>
    <ClCompile Include="704. 二分查找源.cpp">
      <Filter>源文件\数组</Filter>
    </ClCompile>
    <ClCompile Include="27. 移除元素.cpp">
      <Filter>源文件\数组</Filter>
    </ClCompile>
    <ClCompile Include="977. 有序数组的平方.cpp">
      <Filter>源文件\数组</Filter>
    </ClCompile>
    <ClCompile Include="209. 长度最小的子数组.cpp">
      <Filter>源文件\数组</Filter>
    </ClCompile>
    <ClCompile Include="59. 螺旋矩阵 II.cpp">
      <Filter>源文件\数组</Filter>
    </ClCompile>
    <ClCompile Include="151. 颠倒字符串中的单词.cpp">
      <Filter>源文件\字符串</Filter>
    </ClCompile>
    <ClCompile Include="剑指 Offer 58 - II. 左旋转字符串.cpp">
      <Filter>源文件\字符串</Filter>
    </ClCompile>
    <ClCompile Include="459. 重复的子字符串.cpp">
      <Filter>源文件\字符串</Filter>
    </ClCompile>
    <ClCompile Include="3. 无重复字符的最长子串.cpp">
      <Filter>源文件\字符串</Filter>
    </ClCompile>
    <ClCompile Include="678. 有效的括号字符串.cpp">
      <Filter>源文件\字符串</Filter>
    </ClCompile>
    <ClCompile Include="剑指 Offer 31. 栈的压入、弹出序列.cpp">
      <Filter>源文件\栈和队列</Filter>
    </ClCompile>
    <ClCompile Include="698. 划分为k个相等的子集.cpp">
      <Filter>源文件\回溯</Filter>
    </ClCompile>
    <ClCompile Include="面试题 02.07. 链表相交.cpp">
      <Filter>源文件\链表</Filter>
    </ClCompile>
    <ClCompile Include="24. 两两交换链表中的节点.cpp">
      <Filter>源文件\链表</Filter>
    </ClCompile>
    <ClCompile Include="19. 删除链表的倒数第 N 个结点.cpp">
      <Filter>源文件\链表</Filter>
    </ClCompile>
  </ItemGroup>
  <ItemGroup>
    <ClInclude Include="listNode.h">
      <Filter>源文件\链表</Filter>
    </ClInclude>
    <ClInclude Include="general.h">
      <Filter>头文件</Filter>
    </ClInclude>
  </ItemGroup>
</Project>